
Microsoft Visual Studio Solution File, Format Version 12.00
# Visual Studio Version 17
VisualStudioVersion = 17.10.35027.167
MinimumVisualStudioVersion = 10.0.40219.1
Project("{9A19103F-16F7-4668-BE54-9A1E7A4F7556}") = "TN.CleanArchitectureBlazorApp", "TN.CleanArchitectureBlazorApp\TN.CleanArchitectureBlazorApp.csproj", "{83F46E1B-4D95-42C5-9077-A252A4DE4959}"
EndProject
Project("{9A19103F-16F7-4668-BE54-9A1E7A4F7556}") = "TN.CleanArchitectureBlazorApp.Application", "TN.CleanArchitectureBlazorApp.Application\TN.CleanArchitectureBlazorApp.Application.csproj", "{5C0EE7BF-74BD-4E3A-9843-D4A756F6D35F}"
EndProject
Project("{9A19103F-16F7-4668-BE54-9A1E7A4F7556}") = "TN.CleanArchitectureBlazorApp.Infrastructure", "TN.CleanArchitectureBlazorApp.Infrastructure\TN.CleanArchitectureBlazorApp.Infrastructure.csproj", "{FF3B4B53-942B-413B-9FA3-794461883B3F}"
EndProject
Global
	GlobalSection(SolutionConfigurationPlatforms) = preSolution
		Debug|Any CPU = Debug|Any CPU
		Release|Any CPU = Release|Any CPU
	EndGlobalSection
	GlobalSection(ProjectConfigurationPlatforms) = postSolution
		{83F46E1B-4D95-42C5-9077-A252A4DE4959}.Debug|Any CPU.ActiveCfg = Debug|Any CPU
		{83F46E1B-4D95-42C5-9077-A252A4DE4959}.Debug|Any CPU.Build.0 = Debug|Any CPU
		{83F46E1B-4D95-42C5-9077-A252A4DE4959}.Release|Any CPU.ActiveCfg = Release|Any CPU
		{83F46E1B-4D95-42C5-9077-A252A4DE4959}.Release|Any CPU.Build.0 = Release|Any CPU
		{5C0EE7BF-74BD-4E3A-9843-D4A756F6D35F}.Debug|Any CPU.ActiveCfg = Debug|Any CPU
		{5C0EE7BF-74BD-4E3A-9843-D4A756F6D35F}.Debug|Any CPU.Build.0 = Debug|Any CPU
		{5C0EE7BF-74BD-4E3A-9843-D4A756F6D35F}.Release|Any CPU.ActiveCfg = Release|Any CPU
		{5C0EE7BF-74BD-4E3A-9843-D4A756F6D35F}.Release|Any CPU.Build.0 = Release|Any CPU
		{FF3B4B53-942B-413B-9FA3-794461883B3F}.Debug|Any CPU.ActiveCfg = Debug|Any CPU
		{FF3B4B53-942B-413B-9FA3-794461883B3F}.Debug|Any CPU.Build.0 = Debug|Any CPU
		{FF3B4B53-942B-413B-9FA3-794461883B3F}.Release|Any CPU.ActiveCfg = Release|Any CPU
		{FF3B4B53-942B-413B-9FA3-794461883B3F}.Release|Any CPU.Build.0 = Release|Any CPU
	EndGlobalSection
	GlobalSection(SolutionProperties) = preSolution
		HideSolutionNode = FALSE
	EndGlobalSection
	GlobalSection(ExtensibilityGlobals) = postSolution
		SolutionGuid = {1F38B06B-2041-4E4B-A5DE-26224B7B0110}
	EndGlobalSection
EndGlobal
